
Microsoft Visual Studio Solution File, Format Version 12.00
# Visual Studio 14
VisualStudioVersion = 14.0.25420.1
MinimumVisualStudioVersion = 10.0.40219.1
Project("{FAE04EC0-301F-11D3-BF4B-00C04F79EFBC}") = "Gestion_de_vente", "Gestion_de_vente\Gestion_de_vente.csproj", "{88FB606B-2C74-45FE-A0F9-8D8034756E10}"
EndProject
Project("{00D1A9C2-B5F0-4AF3-8072-F6C62B433612}") = "Database1", "..\Database1\Database1.sqlproj", "{814ECC99-D5AB-467D-BAD6-44409DC72CBA}"
EndProject
Global
	GlobalSection(SolutionConfigurationPlatforms) = preSolution
		Debug|Any CPU = Debug|Any CPU
		Release|Any CPU = Release|Any CPU
	EndGlobalSection
	GlobalSection(ProjectConfigurationPlatforms) = postSolution
		{88FB606B-2C74-45FE-A0F9-8D8034756E10}.Debug|Any CPU.ActiveCfg = Debug|Any CPU
		{88FB606B-2C74-45FE-A0F9-8D8034756E10}.Debug|Any CPU.Build.0 = Debug|Any CPU
		{88FB606B-2C74-45FE-A0F9-8D8034756E10}.Release|Any CPU.ActiveCfg = Release|Any CPU
		{88FB606B-2C74-45FE-A0F9-8D8034756E10}.Release|Any CPU.Build.0 = Release|Any CPU
		{814ECC99-D5AB-467D-BAD6-44409DC72CBA}.Debug|Any CPU.ActiveCfg = Debug|Any CPU
		{814ECC99-D5AB-467D-BAD6-44409DC72CBA}.Debug|Any CPU.Build.0 = Debug|Any CPU
		{814ECC99-D5AB-467D-BAD6-44409DC72CBA}.Debug|Any CPU.Deploy.0 = Debug|Any CPU
		{814ECC99-D5AB-467D-BAD6-44409DC72CBA}.Release|Any CPU.ActiveCfg = Release|Any CPU
		{814ECC99-D5AB-467D-BAD6-44409DC72CBA}.Release|Any CPU.Build.0 = Release|Any CPU
		{814ECC99-D5AB-467D-BAD6-44409DC72CBA}.Release|Any CPU.Deploy.0 = Release|Any CPU
	EndGlobalSection
	GlobalSection(SolutionProperties) = preSolution
		HideSolutionNode = FALSE
	EndGlobalSection
EndGlobal
